version = 1
revision = 1
requires-python = "==3.7.*"

[[package]]
name = "future"
version = "1.0.0"
source = { registry = "https://pypi.org/simple" }
sdist = { url = "https://files.pythonhosted.org/packages/a7/b2/4140c69c6a66432916b26158687e821ba631a4c9273c474343badf84d3ba/future-1.0.0.tar.gz", hash = "sha256:bd2968309307861edae1458a4f8a4f3598c03be43b97521076aebf5d94c07b05", size = 1228490 }
wheels = [
    { url = "https://files.pythonhosted.org/packages/da/71/ae30dadffc90b9006d77af76b393cb9dfbfc9629f339fc1574a1c52e6806/future-1.0.0-py3-none-any.whl", hash = "sha256:929292d34f5872e70396626ef385ec22355a1fae8ad29e1a734c3e43f9fbc216", size = 491326 },
]

[[package]]
name = "numpy"
version = "1.21.6"
source = { registry = "https://pypi.org/simple" }
sdist = { url = "https://files.pythonhosted.org/packages/45/b7/de7b8e67f2232c26af57c205aaad29fe17754f793404f59c8a730c7a191a/numpy-1.21.6.zip", hash = "sha256:ecb55251139706669fdec2ff073c98ef8e9a84473e51e716211b41aa0f18e656", size = 10274544 }
wheels = [
    { url = "https://files.pythonhosted.org/packages/32/dd/43d8b2b2ebf424f6555271a4c9f5b50dc3cc0aafa66c72b4d36863f71358/numpy-1.21.6-cp37-cp37m-macosx_10_9_x86_64.whl", hash = "sha256:6aaf96c7f8cebc220cdfc03f1d5a31952f027dda050e5a703a0d1c396075e3e7", size = 16894122 },
    { url = "https://files.pythonhosted.org/packages/06/78/b184f13f5461812a17a90b380d70a93fa3532460f0af9d72b0d93d8bc4ff/numpy-1.21.6-cp37-cp37m-manylinux_2_12_i686.manylinux2010_i686.whl", hash = "sha256:67c261d6c0a9981820c3a149d255a76918278a6b03b6a036800359aba1256d46", size = 13670697 },
    { url = "https://files.pythonhosted.org/packages/6d/ad/ff3b21ebfe79a4d25b4a4f8e5cf9fd44a204adb6b33c09010f566f51027a/numpy-1.21.6-cp37-cp37m-manylinux_2_12_x86_64.manylinux2010_x86_64.whl", hash = "sha256:a6be4cb0ef3b8c9250c19cc122267263093eee7edd4e3fa75395dfda8c17a8e2", size = 15702369 },
    { url = "https://files.pythonhosted.org/packages/b7/0d/86662f93102e42545cdf031da4fddf0ace9030ec67478932a628afc5973b/numpy-1.21.6-cp37-cp37m-manylinux_2_17_aarch64.manylinux2014_aarch64.whl", hash = "sha256:7c4068a8c44014b2d55f3c3f574c376b2494ca9cc73d2f1bd692382b6dffe3db", size = 12974170 },
    { url = "https://files.pythonhosted.org/packages/cd/eb/f6f3258e7b0e0cc5c327778312bf4ee4978c8514aa28e97119ee206f6e60/numpy-1.21.6-cp37-cp37m-win32.whl", hash = "sha256:7c7e5fa88d9ff656e067876e4736379cc962d185d5cd808014a8a928d529ef4e", size = 11680505 },
    { url = "https://files.pythonhosted.org/packages/97/9f/da37cc4a188a1d5d203d65ab28d6504e17594b5342e0c1dc5610ee6f4535/numpy-1.21.6-cp37-cp37m-win_amd64.whl", hash = "sha256:bcb238c9c96c00d3085b264e5c1a1207672577b93fa666c3b14a45240b14123a", size = 13969236 },
    { url = "https://files.pythonhosted.org/packages/2e/5a/6f3e280a10de48395053a559bfcb3b2221b74b57d062c1d6307fc965f549/numpy-1.21.6-pp37-pypy37_pp73-manylinux_2_12_x86_64.manylinux2010_x86_64.whl", hash = "sha256:dd1c8f6bd65d07d3810b90d02eba7997e32abbdf1277a481d698969e921a3be0", size = 15159527 },
]

[[package]]
name = "pillow"
version = "9.5.0"
source = { registry = "https://pypi.org/simple" }
sdist = { url = "https://files.pythonhosted.org/packages/00/d5/4903f310765e0ff2b8e91ffe55031ac6af77d982f0156061e20a4d1a8b2d/Pillow-9.5.0.tar.gz", hash = "sha256:bf548479d336726d7a0eceb6e767e179fbde37833ae42794602631a070d630f1", size = 50488147 }
wheels = [
    { url = "https://files.pythonhosted.org/packages/ec/7d/01404982db598f271ac7c0d0207860f60ab9288cfacce9872eb567cfbfe3/Pillow-9.5.0-cp37-cp37m-macosx_10_10_x86_64.whl", hash = "sha256:5d4ebf8e1db4441a55c509c4baa7a0587a0210f7cd25fcfe74dbbce7a4bd1906", size = 3394876 },
    { url = "https://files.pythonhosted.org/packages/5b/d9/8599b0e4f750aa3cc43613f57cae5a0dfe841b1a8c8c8bde97e83828cdfd/Pillow-9.5.0-cp37-cp37m-manylinux_2_17_aarch64.manylinux2014_aarch64.whl", hash = "sha256:375f6e5ee9620a271acb6820b3d1e94ffa8e741c0601db4c0c4d3cb0a9c224bf", size = 3112088 },
    { url = "https://files.pythonhosted.org/packages/b8/c1/2c1daeb1e7c44d477f4f2d92f3316d922c9f8926378afcba424c6d1850aa/Pillow-9.5.0-cp37-cp37m-manylinux_2_17_i686.manylinux2014_i686.whl", hash = "sha256:99eb6cafb6ba90e436684e08dad8be1637efb71c4f2180ee6b8f940739406e78", size = 3385803 },
    { url = "https://files.pythonhosted.org/packages/37/95/48565d6beb34deaacda1543b515dab9479b8fa8b9046703fd08ad447ddfe/Pillow-9.5.0-cp37-cp37m-manylinux_2_17_x86_64.manylinux2014_x86_64.whl", hash = "sha256:2dfaaf10b6172697b9bceb9a3bd7b951819d1ca339a5ef294d1f1ac6d7f63270", size = 3307826 },
    { url = "https://files.pythonhosted.org/packages/b0/02/baf83c103657285542bba78978f5f6fb21d419944c2a4c54f950eb84a7bc/Pillow-9.5.0-cp37-cp37m-manylinux_2_28_aarch64.whl", hash = "sha256:763782b2e03e45e2c77d7779875f4432e25121ef002a41829d8868700d119392", size = 3163643 },
    { url = "https://files.pythonhosted.org/packages/2c/a2/2d565cb1d754384a88998b9c86daf803a3a7908577875231eb99b8c7973d/Pillow-9.5.0-cp37-cp37m-manylinux_2_28_x86_64.whl", hash = "sha256:35f6e77122a0c0762268216315bf239cf52b88865bba522999dc38f1c52b9b47", size = 3415119 },
    { url = "https://files.pythonhosted.org/packages/97/d2/f0b4c006c8997aff5277cdde18187c55ce767f9fd32b2dd657c1bf71b570/Pillow-9.5.0-cp37-cp37m-win32.whl", hash = "sha256:aca1c196f407ec7cf04dcbb15d19a43c507a81f7ffc45b690899d6a76ac9fda7", size = 2228447 },
    { url = "https://files.pythonhosted.org/packages/cb/3c/4f3ef1a14e903d7b2bc43672c20f732b874e1e50a9a58ac9a1726ef3773d/Pillow-9.5.0-cp37-cp37m-win_amd64.whl", hash = "sha256:322724c0032af6692456cd6ed554bb85f8149214d97398bb80613b04e33769f6", size = 2536969 },
]

[[package]]
name = "retinatrack"
version = "0.1.0"
source = { virtual = "." }
dependencies = [
    { name = "torch" },
    { name = "torchvision" },
]

[package.metadata]
requires-dist = [
    { name = "torch", specifier = "~=1.5.0" },
    { name = "torchvision", specifier = ">=0.6.1" },
]

[[package]]
name = "torch"
version = "1.5.1"
source = { registry = "https://pypi.org/simple" }
dependencies = [
    { name = "future" },
    { name = "numpy" },
]
wheels = [
    { url = "https://files.pythonhosted.org/packages/a4/cf/007b6de316c9f3d4cb315a60c308342cc299e464167f5ebc369e93b5e23a/torch-1.5.1-cp37-cp37m-manylinux1_x86_64.whl", hash = "sha256:70046cf66eb40ead89df25b8dcc571c3007fc9849d4e1d254cc09b4b355374d4", size = 753158209 },
    { url = "https://files.pythonhosted.org/packages/5d/ad/51da3af99a515c31226f50c37d85e63423f9e28174c2984e11e4fb47ae01/torch-1.5.1-cp37-none-macosx_10_9_x86_64.whl", hash = "sha256:bb2a3e6c9c9dbfda856bd1b1a55d88789a9488b569ffba9cd6d9aa536ef866ba", size = 80539965 },
]

[[package]]
name = "torchvision"
version = "0.6.1"
source = { registry = "https://pypi.org/simple" }
dependencies = [
    { name = "numpy" },
    { name = "pillow" },
    { name = "torch" },
]
wheels = [
    { url = "https://files.pythonhosted.org/packages/71/3d/dca8cab1605bb76bade94b20d1d95ec20e152ce319d55e0c9f8ae64c6a46/torchvision-0.6.1-cp37-cp37m-macosx_10_9_x86_64.whl", hash = "sha256:b07e7c5a7274082a8bbe88975c817da10bffaf4020017347d185b5d4eacb891d", size = 436317 },
    { url = "https://files.pythonhosted.org/packages/f4/ef/c32275c040f12f24adcd6302f0f3cd12cc432e408ce4ea521600e8fd989c/torchvision-0.6.1-cp37-cp37m-manylinux1_x86_64.whl", hash = "sha256:52be3710bf495fee9eb8f1cb4d310edd2da94b127b2ca0aa77075c1001bcbb91", size = 6645325 },
]
